
Microsoft Visual Studio Solution File, Format Version 12.00
# Visual Studio 15
VisualStudioVersion = 15.0.27130.2036
MinimumVisualStudioVersion = 10.0.40219.1
Project("{8BC9CEB8-8B4A-11D0-8D11-00A0C91BC942}") = "zad3", "ConsoleApplication5\ConsoleApplication5.vcxproj", "{26F2DBD4-C2D6-446A-A794-945E380597B5}"
EndProject
Project("{8BC9CEB8-8B4A-11D0-8D11-00A0C91BC942}") = "zad2", "zad2\zad2.vcxproj", "{D674384A-8958-4BBE-92EC-CCCD4FC85E9E}"
EndProject
Project("{8BC9CEB8-8B4A-11D0-8D11-00A0C91BC942}") = "zad1", "zad1\zad1.vcxproj", "{CDB57248-8029-4517-8830-FB4144059B72}"
EndProject
Global
	GlobalSection(SolutionConfigurationPlatforms) = preSolution
		Debug|x64 = Debug|x64
		Debug|x86 = Debug|x86
		Release|x64 = Release|x64
		Release|x86 = Release|x86
	EndGlobalSection
	GlobalSection(ProjectConfigurationPlatforms) = postSolution
		{26F2DBD4-C2D6-446A-A794-945E380597B5}.Debug|x64.ActiveCfg = Debug|x64
		{26F2DBD4-C2D6-446A-A794-945E380597B5}.Debug|x64.Build.0 = Debug|x64
		{26F2DBD4-C2D6-446A-A794-945E380597B5}.Debug|x86.ActiveCfg = Debug|Win32
		{26F2DBD4-C2D6-446A-A794-945E380597B5}.Debug|x86.Build.0 = Debug|Win32
		{26F2DBD4-C2D6-446A-A794-945E380597B5}.Release|x64.ActiveCfg = Release|x64
		{26F2DBD4-C2D6-446A-A794-945E380597B5}.Release|x64.Build.0 = Release|x64
		{26F2DBD4-C2D6-446A-A794-945E380597B5}.Release|x86.ActiveCfg = Release|Win32
		{26F2DBD4-C2D6-446A-A794-945E380597B5}.Release|x86.Build.0 = Release|Win32
		{D674384A-8958-4BBE-92EC-CCCD4FC85E9E}.Debug|x64.ActiveCfg = Debug|x64
		{D674384A-8958-4BBE-92EC-CCCD4FC85E9E}.Debug|x64.Build.0 = Debug|x64
		{D674384A-8958-4BBE-92EC-CCCD4FC85E9E}.Debug|x86.ActiveCfg = Debug|Win32
		{D674384A-8958-4BBE-92EC-CCCD4FC85E9E}.Debug|x86.Build.0 = Debug|Win32
		{D674384A-8958-4BBE-92EC-CCCD4FC85E9E}.Release|x64.ActiveCfg = Release|x64
		{D674384A-8958-4BBE-92EC-CCCD4FC85E9E}.Release|x64.Build.0 = Release|x64
		{D674384A-8958-4BBE-92EC-CCCD4FC85E9E}.Release|x86.ActiveCfg = Release|Win32
		{D674384A-8958-4BBE-92EC-CCCD4FC85E9E}.Release|x86.Build.0 = Release|Win32
		{CDB57248-8029-4517-8830-FB4144059B72}.Debug|x64.ActiveCfg = Debug|x64
		{CDB57248-8029-4517-8830-FB4144059B72}.Debug|x64.Build.0 = Debug|x64
		{CDB57248-8029-4517-8830-FB4144059B72}.Debug|x86.ActiveCfg = Debug|Win32
		{CDB57248-8029-4517-8830-FB4144059B72}.Debug|x86.Build.0 = Debug|Win32
		{CDB57248-8029-4517-8830-FB4144059B72}.Release|x64.ActiveCfg = Release|x64
		{CDB57248-8029-4517-8830-FB4144059B72}.Release|x64.Build.0 = Release|x64
		{CDB57248-8029-4517-8830-FB4144059B72}.Release|x86.ActiveCfg = Release|Win32
		{CDB57248-8029-4517-8830-FB4144059B72}.Release|x86.Build.0 = Release|Win32
	EndGlobalSection
	GlobalSection(SolutionProperties) = preSolution
		HideSolutionNode = FALSE
	EndGlobalSection
	GlobalSection(ExtensibilityGlobals) = postSolution
		SolutionGuid = {7258A541-BA61-4057-8A61-240AAD433258}
	EndGlobalSection
EndGlobal
